# This file is generated by running "yarn install" inside your project.
# Manual changes might be lost - proceed with caution!

__metadata:
  version: 8
  cacheKey: 10

"@types/node@npm:^20.11.17":
  version: 20.11.17
  resolution: "@types/node@npm:20.11.17"
  dependencies:
    undici-types: "npm:~5.26.4"
  checksum: 10/3342df87258d1c56154bcd4b85180f48675427b235971e6e6e2e037353f5a2ae9aaa05ba5df0fe1e2d2f1022c8d856fd39056b9d7f50ea30c0ca3214137cae1d
  languageName: node
  linkType: hard

"remove-duplicates-image-file@workspace:.":
  version: 0.0.0-use.local
  resolution: "remove-duplicates-image-file@workspace:."
  dependencies:
    "@types/node": "npm:^20.11.17"
    typescript: "npm:^5.3.3"
  languageName: unknown
  linkType: soft

"typescript@npm:^5.3.3":
  version: 5.3.3
  resolution: "typescript@npm:5.3.3"
  bin:
    tsc: bin/tsc
    tsserver: bin/tsserver
  checksum: 10/6e4e6a14a50c222b3d14d4ea2f729e79f972fa536ac1522b91202a9a65af3605c2928c4a790a4a50aa13694d461c479ba92cedaeb1e7b190aadaa4e4b96b8e18
  languageName: node
  linkType: hard

"typescript@patch:typescript@npm%3A^5.3.3#optional!builtin<compat/typescript>":
  version: 5.3.3
  resolution: "typescript@patch:typescript@npm%3A5.3.3#optional!builtin<compat/typescript>::version=5.3.3&hash=e012d7"
  bin:
    tsc: bin/tsc
    tsserver: bin/tsserver
  checksum: 10/c93786fcc9a70718ba1e3819bab56064ead5817004d1b8186f8ca66165f3a2d0100fee91fa64c840dcd45f994ca5d615d8e1f566d39a7470fc1e014dbb4cf15d
  languageName: node
  linkType: hard

"undici-types@npm:~5.26.4":
  version: 5.26.5
  resolution: "undici-types@npm:5.26.5"
  checksum: 10/0097779d94bc0fd26f0418b3a05472410408877279141ded2bd449167be1aed7ea5b76f756562cb3586a07f251b90799bab22d9019ceba49c037c76445f7cddd
  languageName: node
  linkType: hard
