# This file is generated by running "yarn install" inside your project.
# Manual changes might be lost - proceed with caution!

__metadata:
  version: 8
  cacheKey: 10

"@types/node@npm:^20.11.17":
  version: 20.11.17
  resolution: "@types/node@npm:20.11.17"
  dependencies:
    undici-types: "npm:~5.26.4"
  checksum: 10/3342df87258d1c56154bcd4b85180f48675427b235971e6e6e2e037353f5a2ae9aaa05ba5df0fe1e2d2f1022c8d856fd39056b9d7f50ea30c0ca3214137cae1d
  languageName: node
  linkType: hard

"remove-duplicates-image-file@workspace:.":
  version: 0.0.0-use.local
  resolution: "remove-duplicates-image-file@workspace:."
  dependencies:
    "@types/node": "npm:^20.11.17"
  languageName: unknown
  linkType: soft

"undici-types@npm:~5.26.4":
  version: 5.26.5
  resolution: "undici-types@npm:5.26.5"
  checksum: 10/0097779d94bc0fd26f0418b3a05472410408877279141ded2bd449167be1aed7ea5b76f756562cb3586a07f251b90799bab22d9019ceba49c037c76445f7cddd
  languageName: node
  linkType: hard
